{
    "_meta": {
        "hash": {
            "sha256": "b44373006fd1df34f62e8d2ede77a5441c2b413b1ee8be85cb9c01c27245d104"
        },
        "pipfile-spec": 6,
        "requires": {
            "python_version": "3.7"
        },
        "sources": [
            {
                "name": "pypi",
                "url": "https://pypi.org/simple",
                "verify_ssl": true
            }
        ]
    },
    "default": {
        "mold": {
            "path": "."
        }
    },
    "develop": {}
}
